
Microsoft Visual Studio Solution File, Format Version 12.00
# Visual Studio Version 17
VisualStudioVersion = 17.13.35825.156 d17.13
MinimumVisualStudioVersion = 10.0.40219.1
Project("{FAE04EC0-301F-11D3-BF4B-00C04F79EFBC}") = "MemoryGame", "MemoryGame.csproj", "{1F97BBE4-632C-40A4-9C5C-871107C97FD9}"
EndProject
Global
	GlobalSection(SolutionConfigurationPlatforms) = preSolution
		Debug|Any CPU = Debug|Any CPU
		Release|Any CPU = Release|Any CPU
	EndGlobalSection
	GlobalSection(ProjectConfigurationPlatforms) = postSolution
		{1F97BBE4-632C-40A4-9C5C-871107C97FD9}.Debug|Any CPU.ActiveCfg = Debug|Any CPU
		{1F97BBE4-632C-40A4-9C5C-871107C97FD9}.Debug|Any CPU.Build.0 = Debug|Any CPU
		{1F97BBE4-632C-40A4-9C5C-871107C97FD9}.Release|Any CPU.ActiveCfg = Release|Any CPU
		{1F97BBE4-632C-40A4-9C5C-871107C97FD9}.Release|Any CPU.Build.0 = Release|Any CPU
	EndGlobalSection
	GlobalSection(SolutionProperties) = preSolution
		HideSolutionNode = FALSE
	EndGlobalSection
	GlobalSection(ExtensibilityGlobals) = postSolution
		SolutionGuid = {3CD5BB51-7161-40AE-B016-A8D8FAB660E7}
	EndGlobalSection
EndGlobal
